// !$*UTF8*$!
{
	archiveVersion = 1;
	classes = {
	};
	objectVersion = 77;
	objects = {

/* Begin PBXContainerItemProxy section */
		C779686D2D7FA6860095A62A /* PBXContainerItemProxy */ = {
			isa = PBXContainerItemProxy;
			containerPortal = C77968542D7FA6830095A62A /* Project object */;
			proxyType = 1;
			remoteGlobalIDString = C779685B2D7FA6830095A62A;
			remoteInfo = CamProc;
		};
		C77968772D7FA6860095A62A /* PBXContainerItemProxy */ = {
			isa = PBXContainerItemProxy;
			containerPortal = C77968542D7FA6830095A62A /* Project object */;
			proxyType = 1;
			remoteGlobalIDString = C779685B2D7FA6830095A62A;
			remoteInfo = CamProc;
		};
/* End PBXContainerItemProxy section */

/* Begin PBXFileReference section */
		C779685C2D7FA6830095A62A /* CamProc.app */ = {isa = PBXFileReference; explicitFileType = wrapper.application; includeInIndex = 0; path = CamProc.app; sourceTree = BUILT_PRODUCTS_DIR; };
		C779686C2D7FA6860095A62A /* CamProcTests.xctest */ = {isa = PBXFileReference; explicitFileType = wrapper.cfbundle; includeInIndex = 0; path = CamProcTests.xctest; sourceTree = BUILT_PRODUCTS_DIR; };
		C77968762D7FA6860095A62A /* CamProcUITests.xctest */ = {isa = PBXFileReference; explicitFileType = wrapper.cfbundle; includeInIndex = 0; path = CamProcUITests.xctest; sourceTree = BUILT_PRODUCTS_DIR; };
/* End PBXFileReference section */

/* Begin PBXFileSystemSynchronizedBuildFileExceptionSet section */
		C779688A2D80DE450095A62A /* Exceptions for "CamProc" folder in "CamProc" target */ = {
			isa = PBXFileSystemSynchronizedBuildFileExceptionSet;
			membershipExceptions = (
				Info.plist,
			);
			target = C779685B2D7FA6830095A62A /* CamProc */;
		};
/* End PBXFileSystemSynchronizedBuildFileExceptionSet section */

/* Begin PBXFileSystemSynchronizedRootGroup section */
		C779685E2D7FA6830095A62A /* CamProc */ = {
			isa = PBXFileSystemSynchronizedRootGroup;
			exceptions = (
				C779688A2D80DE450095A62A /* Exceptions for "CamProc" folder in "CamProc" target */,
			);
			path = CamProc;
			sourceTree = "<group>";
		};
		C779686F2D7FA6860095A62A /* CamProcTests */ = {
			isa = PBXFileSystemSynchronizedRootGroup;
			path = CamProcTests;
			sourceTree = "<group>";
		};
		C77968792D7FA6860095A62A /* CamProcUITests */ = {
			isa = PBXFileSystemSynchronizedRootGroup;
			path = CamProcUITests;
			sourceTree = "<group>";
		};
/* End PBXFileSystemSynchronizedRootGroup section */

/* Begin PBXFrameworksBuildPhase section */
		C77968592D7FA6830095A62A /* Frameworks */ = {
			isa = PBXFrameworksBuildPhase;
			buildActionMask = 2147483647;
			files = (
			);
			runOnlyForDeploymentPostprocessing = 0;
		};
		C77968692D7FA6860095A62A /* Frameworks */ = {
			isa = PBXFrameworksBuildPhase;
			buildActionMask = 2147483647;
			files = (
			);
			runOnlyForDeploymentPostprocessing = 0;
		};
		C77968732D7FA6860095A62A /* Frameworks */ = {
			isa = PBXFrameworksBuildPhase;
			buildActionMask = 2147483647;
			files = (
			);
			runOnlyForDeploymentPostprocessing = 0;
		};
/* End PBXFrameworksBuildPhase section */

/* Begin PBXGroup section */
		C77968532D7FA6830095A62A = {
			isa = PBXGroup;
			children = (
				C779685E2D7FA6830095A62A /* CamProc */,
				C779686F2D7FA6860095A62A /* CamProcTests */,
				C77968792D7FA6860095A62A /* CamProcUITests */,
				C779685D2D7FA6830095A62A /* Products */,
			);
			sourceTree = "<group>";
		};
		C779685D2D7FA6830095A62A /* Products */ = {
			isa = PBXGroup;
			children = (
				C779685C2D7FA6830095A62A /* CamProc.app */,
				C779686C2D7FA6860095A62A /* CamProcTests.xctest */,
				C77968762D7FA6860095A62A /* CamProcUITests.xctest */,
			);
			name = Products;
			sourceTree = "<group>";
		};
/* End PBXGroup section */

/* Begin PBXNativeTarget section */
		C779685B2D7FA6830095A62A /* CamProc */ = {
			isa = PBXNativeTarget;
			buildConfigurationList = C77968802D7FA6860095A62A /* Build configuration list for PBXNativeTarget "CamProc" */;
			buildPhases = (
				C77968582D7FA6830095A62A /* Sources */,
				C77968592D7FA6830095A62A /* Frameworks */,
				C779685A2D7FA6830095A62A /* Resources */,
			);
			buildRules = (
			);
			dependencies = (
			);
			fileSystemSynchronizedGroups = (
				C779685E2D7FA6830095A62A /* CamProc */,
			);
			name = CamProc;
			packageProductDependencies = (
			);
			productName = CamProc;
			productReference = C779685C2D7FA6830095A62A /* CamProc.app */;
			productType = "com.apple.product-type.application";
		};
		C779686B2D7FA6860095A62A /* CamProcTests */ = {
			isa = PBXNativeTarget;
			buildConfigurationList = C77968832D7FA6860095A62A /* Build configuration list for PBXNativeTarget "CamProcTests" */;
			buildPhases = (
				C77968682D7FA6860095A62A /* Sources */,
				C77968692D7FA6860095A62A /* Frameworks */,
				C779686A2D7FA6860095A62A /* Resources */,
			);
			buildRules = (
			);
			dependencies = (
				C779686E2D7FA6860095A62A /* PBXTargetDependency */,
			);
			fileSystemSynchronizedGroups = (
				C779686F2D7FA6860095A62A /* CamProcTests */,
			);
			name = CamProcTests;
			packageProductDependencies = (
			);
			productName = CamProcTests;
			productReference = C779686C2D7FA6860095A62A /* CamProcTests.xctest */;
			productType = "com.apple.product-type.bundle.unit-test";
		};
		C77968752D7FA6860095A62A /* CamProcUITests */ = {
			isa = PBXNativeTarget;
			buildConfigurationList = C77968862D7FA6860095A62A /* Build configuration list for PBXNativeTarget "CamProcUITests" */;
			buildPhases = (
				C77968722D7FA6860095A62A /* Sources */,
				C77968732D7FA6860095A62A /* Frameworks */,
				C77968742D7FA6860095A62A /* Resources */,
			);
			buildRules = (
			);
			dependencies = (
				C77968782D7FA6860095A62A /* PBXTargetDependency */,
			);
			fileSystemSynchronizedGroups = (
				C77968792D7FA6860095A62A /* CamProcUITests */,
			);
			name = CamProcUITests;
			packageProductDependencies = (
			);
			productName = CamProcUITests;
			productReference = C77968762D7FA6860095A62A /* CamProcUITests.xctest */;
			productType = "com.apple.product-type.bundle.ui-testing";
		};
/* End PBXNativeTarget section */

/* Begin PBXProject section */
		C77968542D7FA6830095A62A /* Project object */ = {
			isa = PBXProject;
			attributes = {
				BuildIndependentTargetsInParallel = 1;
				LastSwiftUpdateCheck = 1620;
				LastUpgradeCheck = 1620;
				TargetAttributes = {
					C779685B2D7FA6830095A62A = {
						CreatedOnToolsVersion = 16.2;
					};
					C779686B2D7FA6860095A62A = {
						CreatedOnToolsVersion = 16.2;
						TestTargetID = C779685B2D7FA6830095A62A;
					};
					C77968752D7FA6860095A62A = {
						CreatedOnToolsVersion = 16.2;
						TestTargetID = C779685B2D7FA6830095A62A;
					};
				};
			};
			buildConfigurationList = C77968572D7FA6830095A62A /* Build configuration list for PBXProject "CamProc" */;
			developmentRegion = en;
			hasScannedForEncodings = 0;
			knownRegions = (
				en,
				Base,
			);
			mainGroup = C77968532D7FA6830095A62A;
			minimizedProjectReferenceProxies = 1;
			preferredProjectObjectVersion = 77;
			productRefGroup = C779685D2D7FA6830095A62A /* Products */;
			projectDirPath = "";
			projectRoot = "";
			targets = (
				C779685B2D7FA6830095A62A /* CamProc */,
				C779686B2D7FA6860095A62A /* CamProcTests */,
				C77968752D7FA6860095A62A /* CamProcUITests */,
			);
		};
/* End PBXProject section */

/* Begin PBXResourcesBuildPhase section */
		C779685A2D7FA6830095A62A /* Resources */ = {
			isa = PBXResourcesBuildPhase;
			buildActionMask = 2147483647;
			files = (
			);
			runOnlyForDeploymentPostprocessing = 0;
		};
		C779686A2D7FA6860095A62A /* Resources */ = {
			isa = PBXResourcesBuildPhase;
			buildActionMask = 2147483647;
			files = (
			);
			runOnlyForDeploymentPostprocessing = 0;
		};
		C77968742D7FA6860095A62A /* Resources */ = {
			isa = PBXResourcesBuildPhase;
			buildActionMask = 2147483647;
			files = (
			);
			runOnlyForDeploymentPostprocessing = 0;
		};
/* End PBXResourcesBuildPhase section */

/* Begin PBXSourcesBuildPhase section */
		C77968582D7FA6830095A62A /* Sources */ = {
			isa = PBXSourcesBuildPhase;
			buildActionMask = 2147483647;
			files = (
			);
			runOnlyForDeploymentPostprocessing = 0;
		};
		C77968682D7FA6860095A62A /* Sources */ = {
			isa = PBXSourcesBuildPhase;
			buildActionMask = 2147483647;
			files = (
			);
			runOnlyForDeploymentPostprocessing = 0;
		};
		C77968722D7FA6860095A62A /* Sources */ = {
			isa = PBXSourcesBuildPhase;
			buildActionMask = 2147483647;
			files = (
			);
			runOnlyForDeploymentPostprocessing = 0;
		};
/* End PBXSourcesBuildPhase section */

/* Begin PBXTargetDependency section */
		C779686E2D7FA6860095A62A /* PBXTargetDependency */ = {
			isa = PBXTargetDependency;
			target = C779685B2D7FA6830095A62A /* CamProc */;
			targetProxy = C779686D2D7FA6860095A62A /* PBXContainerItemProxy */;
		};
		C77968782D7FA6860095A62A /* PBXTargetDependency */ = {
			isa = PBXTargetDependency;
			target = C779685B2D7FA6830095A62A /* CamProc */;
			targetProxy = C77968772D7FA6860095A62A /* PBXContainerItemProxy */;
		};
/* End PBXTargetDependency section */

/* Begin XCBuildConfiguration section */
		C779687E2D7FA6860095A62A /* Debug */ = {
			isa = XCBuildConfiguration;
			buildSettings = {
				ALWAYS_SEARCH_USER_PATHS = NO;
				ASSETCATALOG_COMPILER_GENERATE_SWIFT_ASSET_SYMBOL_EXTENSIONS = YES;
				CLANG_ANALYZER_NONNULL = YES;
				CLANG_ANALYZER_NUMBER_OBJECT_CONVERSION = YES_AGGRESSIVE;
				CLANG_CXX_LANGUAGE_STANDARD = "gnu++20";
				CLANG_ENABLE_MODULES = YES;
				CLANG_ENABLE_OBJC_ARC = YES;
				CLANG_ENABLE_OBJC_WEAK = YES;
				CLANG_WARN_BLOCK_CAPTURE_AUTORELEASING = YES;
				CLANG_WARN_BOOL_CONVERSION = YES;
				CLANG_WARN_COMMA = YES;
				CLANG_WARN_CONSTANT_CONVERSION = YES;
				CLANG_WARN_DEPRECATED_OBJC_IMPLEMENTATIONS = YES;
				CLANG_WARN_DIRECT_OBJC_ISA_USAGE = YES_ERROR;
				CLANG_WARN_DOCUMENTATION_COMMENTS = YES;
				CLANG_WARN_EMPTY_BODY = YES;
				CLANG_WARN_ENUM_CONVERSION = YES;
				CLANG_WARN_INFINITE_RECURSION = YES;
				CLANG_WARN_INT_CONVERSION = YES;
				CLANG_WARN_NON_LITERAL_NULL_CONVERSION = YES;
				CLANG_WARN_OBJC_IMPLICIT_RETAIN_SELF = YES;
				CLANG_WARN_OBJC_LITERAL_CONVERSION = YES;
				CLANG_WARN_OBJC_ROOT_CLASS = YES_ERROR;
				CLANG_WARN_QUOTED_INCLUDE_IN_FRAMEWORK_HEADER = YES;
				CLANG_WARN_RANGE_LOOP_ANALYSIS = YES;
				CLANG_WARN_STRICT_PROTOTYPES = YES;
				CLANG_WARN_SUSPICIOUS_MOVE = YES;
				CLANG_WARN_UNGUARDED_AVAILABILITY = YES_AGGRESSIVE;
				CLANG_WARN_UNREACHABLE_CODE = YES;
				CLANG_WARN__DUPLICATE_METHOD_MATCH = YES;
				COPY_PHASE_STRIP = NO;
				DEBUG_INFORMATION_FORMAT = dwarf;
				ENABLE_STRICT_OBJC_MSGSEND = YES;
				ENABLE_TESTABILITY = YES;
				ENABLE_USER_SCRIPT_SANDBOXING = YES;
				GCC_C_LANGUAGE_STANDARD = gnu17;
				GCC_DYNAMIC_NO_PIC = NO;
				GCC_NO_COMMON_BLOCKS = YES;
				GCC_OPTIMIZATION_LEVEL = 0;
				GCC_PREPROCESSOR_DEFINITIONS = (
					"DEBUG=1",
					"$(inherited)",
				);
				GCC_WARN_64_TO_32_BIT_CONVERSION = YES;
				GCC_WARN_ABOUT_RETURN_TYPE = YES_ERROR;
				GCC_WARN_UNDECLARED_SELECTOR = YES;
				GCC_WARN_UNINITIALIZED_AUTOS = YES_AGGRESSIVE;
				GCC_WARN_UNUSED_FUNCTION = YES;
				GCC_WARN_UNUSED_VARIABLE = YES;
				IPHONEOS_DEPLOYMENT_TARGET = 18.2;
				LOCALIZATION_PREFERS_STRING_CATALOGS = YES;
				MTL_ENABLE_DEBUG_INFO = INCLUDE_SOURCE;
				MTL_FAST_MATH = YES;
				ONLY_ACTIVE_ARCH = YES;
				SDKROOT = iphoneos;
				SWIFT_ACTIVE_COMPILATION_CONDITIONS = "DEBUG $(inherited)";
				SWIFT_OPTIMIZATION_LEVEL = "-Onone";
			};
			name = Debug;
		};
		C779687F2D7FA6860095A62A /* Release */ = {
			isa = XCBuildConfiguration;
			buildSettings = {
				ALWAYS_SEARCH_USER_PATHS = NO;
				ASSETCATALOG_COMPILER_GENERATE_SWIFT_ASSET_SYMBOL_EXTENSIONS = YES;
				CLANG_ANALYZER_NONNULL = YES;
				CLANG_ANALYZER_NUMBER_OBJECT_CONVERSION = YES_AGGRESSIVE;
				CLANG_CXX_LANGUAGE_STANDARD = "gnu++20";
				CLANG_ENABLE_MODULES = YES;
				CLANG_ENABLE_OBJC_ARC = YES;
				CLANG_ENABLE_OBJC_WEAK = YES;
				CLANG_WARN_BLOCK_CAPTURE_AUTORELEASING = YES;
				CLANG_WARN_BOOL_CONVERSION = YES;
				CLANG_WARN_COMMA = YES;
				CLANG_WARN_CONSTANT_CONVERSION = YES;
				CLANG_WARN_DEPRECATED_OBJC_IMPLEMENTATIONS = YES;
				CLANG_WARN_DIRECT_OBJC_ISA_USAGE = YES_ERROR;
				CLANG_WARN_DOCUMENTATION_COMMENTS = YES;
				CLANG_WARN_EMPTY_BODY = YES;
				CLANG_WARN_ENUM_CONVERSION = YES;
				CLANG_WARN_INFINITE_RECURSION = YES;
				CLANG_WARN_INT_CONVERSION = YES;
				CLANG_WARN_NON_LITERAL_NULL_CONVERSION = YES;
				CLANG_WARN_OBJC_IMPLICIT_RETAIN_SELF = YES;
				CLANG_WARN_OBJC_LITERAL_CONVERSION = YES;
				CLANG_WARN_OBJC_ROOT_CLASS = YES_ERROR;
				CLANG_WARN_QUOTED_INCLUDE_IN_FRAMEWORK_HEADER = YES;
				CLANG_WARN_RANGE_LOOP_ANALYSIS = YES;
				CLANG_WARN_STRICT_PROTOTYPES = YES;
				CLANG_WARN_SUSPICIOUS_MOVE = YES;
				CLANG_WARN_UNGUARDED_AVAILABILITY = YES_AGGRESSIVE;
				CLANG_WARN_UNREACHABLE_CODE = YES;
				CLANG_WARN__DUPLICATE_METHOD_MATCH = YES;
				COPY_PHASE_STRIP = NO;
				DEBUG_INFORMATION_FORMAT = "dwarf-with-dsym";
				ENABLE_NS_ASSERTIONS = NO;
				ENABLE_STRICT_OBJC_MSGSEND = YES;
				ENABLE_USER_SCRIPT_SANDBOXING = YES;
				GCC_C_LANGUAGE_STANDARD = gnu17;
				GCC_NO_COMMON_BLOCKS = YES;
				GCC_WARN_64_TO_32_BIT_CONVERSION = YES;
				GCC_WARN_ABOUT_RETURN_TYPE = YES_ERROR;
				GCC_WARN_UNDECLARED_SELECTOR = YES;
				GCC_WARN_UNINITIALIZED_AUTOS = YES_AGGRESSIVE;
				GCC_WARN_UNUSED_FUNCTION = YES;
				GCC_WARN_UNUSED_VARIABLE = YES;
				IPHONEOS_DEPLOYMENT_TARGET = 18.2;
				LOCALIZATION_PREFERS_STRING_CATALOGS = YES;
				MTL_ENABLE_DEBUG_INFO = NO;
				MTL_FAST_MATH = YES;
				SDKROOT = iphoneos;
				SWIFT_COMPILATION_MODE = wholemodule;
				VALIDATE_PRODUCT = YES;
			};
			name = Release;
		};
		C77968812D7FA6860095A62A /* Debug */ = {
			isa = XCBuildConfiguration;
			buildSettings = {
				ASSETCATALOG_COMPILER_APPICON_NAME = AppIcon;
				ASSETCATALOG_COMPILER_GLOBAL_ACCENT_COLOR_NAME = AccentColor;
				CODE_SIGN_STYLE = Automatic;
				CURRENT_PROJECT_VERSION = 1;
				DEVELOPMENT_ASSET_PATHS = "\"CamProc/Preview Content\"";
				DEVELOPMENT_TEAM = QA52Q89Q7Z;
				ENABLE_PREVIEWS = YES;
				GENERATE_INFOPLIST_FILE = YES;
				INFOPLIST_FILE = CamProc/Info.plist;
				INFOPLIST_KEY_NSCameraUsageDescription = "\"This app requires camera access for real-time image processing.\"";
				INFOPLIST_KEY_UIApplicationSceneManifest_Generation = YES;
				INFOPLIST_KEY_UIApplicationSupportsIndirectInputEvents = YES;
				INFOPLIST_KEY_UILaunchScreen_Generation = YES;
				INFOPLIST_KEY_UISupportedInterfaceOrientations_iPad = "UIInterfaceOrientationPortrait UIInterfaceOrientationPortraitUpsideDown UIInterfaceOrientationLandscapeLeft UIInterfaceOrientationLandscapeRight";
				INFOPLIST_KEY_UISupportedInterfaceOrientations_iPhone = "UIInterfaceOrientationPortrait UIInterfaceOrientationLandscapeLeft UIInterfaceOrientationLandscapeRight";
				LD_RUNPATH_SEARCH_PATHS = (
					"$(inherited)",
					"@executable_path/Frameworks",
				);
				MARKETING_VERSION = 1.0;
				PRODUCT_BUNDLE_IDENTIFIER = FractalFields.CamProc;
				PRODUCT_NAME = "$(TARGET_NAME)";
				SWIFT_EMIT_LOC_STRINGS = YES;
				SWIFT_VERSION = 5.0;
				TARGETED_DEVICE_FAMILY = "1,2";
			};
			name = Debug;
		};
		C77968822D7FA6860095A62A /* Release */ = {
			isa = XCBuildConfiguration;
			buildSettings = {
				ASSETCATALOG_COMPILER_APPICON_NAME = AppIcon;
				ASSETCATALOG_COMPILER_GLOBAL_ACCENT_COLOR_NAME = AccentColor;
				CODE_SIGN_STYLE = Automatic;
				CURRENT_PROJECT_VERSION = 1;
				DEVELOPMENT_ASSET_PATHS = "\"CamProc/Preview Content\"";
				DEVELOPMENT_TEAM = QA52Q89Q7Z;
				ENABLE_PREVIEWS = YES;
				GENERATE_INFOPLIST_FILE = YES;
				INFOPLIST_FILE = CamProc/Info.plist;
				INFOPLIST_KEY_NSCameraUsageDescription = "\"This app requires camera access for real-time image processing.\"";
				INFOPLIST_KEY_UIApplicationSceneManifest_Generation = YES;
				INFOPLIST_KEY_UIApplicationSupportsIndirectInputEvents = YES;
				INFOPLIST_KEY_UILaunchScreen_Generation = YES;
				INFOPLIST_KEY_UISupportedInterfaceOrientations_iPad = "UIInterfaceOrientationPortrait UIInterfaceOrientationPortraitUpsideDown UIInterfaceOrientationLandscapeLeft UIInterfaceOrientationLandscapeRight";
				INFOPLIST_KEY_UISupportedInterfaceOrientations_iPhone = "UIInterfaceOrientationPortrait UIInterfaceOrientationLandscapeLeft UIInterfaceOrientationLandscapeRight";
				LD_RUNPATH_SEARCH_PATHS = (
					"$(inherited)",
					"@executable_path/Frameworks",
				);
				MARKETING_VERSION = 1.0;
				PRODUCT_BUNDLE_IDENTIFIER = FractalFields.CamProc;
				PRODUCT_NAME = "$(TARGET_NAME)";
				SWIFT_EMIT_LOC_STRINGS = YES;
				SWIFT_VERSION = 5.0;
				TARGETED_DEVICE_FAMILY = "1,2";
			};
			name = Release;
		};
		C77968842D7FA6860095A62A /* Debug */ = {
			isa = XCBuildConfiguration;
			buildSettings = {
				BUNDLE_LOADER = "$(TEST_HOST)";
				CODE_SIGN_STYLE = Automatic;
				CURRENT_PROJECT_VERSION = 1;
				DEVELOPMENT_TEAM = QA52Q89Q7Z;
				GENERATE_INFOPLIST_FILE = YES;
				INFOPLIST_KEY_NSCameraUsageDescription = "\"This app requires camera access for real-time image processing.\"";
				IPHONEOS_DEPLOYMENT_TARGET = 18.2;
				MARKETING_VERSION = 1.0;
				PRODUCT_BUNDLE_IDENTIFIER = FractalFields.CamProcTests;
				PRODUCT_NAME = "$(TARGET_NAME)";
				SWIFT_EMIT_LOC_STRINGS = NO;
				SWIFT_VERSION = 5.0;
				TARGETED_DEVICE_FAMILY = "1,2";
				TEST_HOST = "$(BUILT_PRODUCTS_DIR)/CamProc.app/$(BUNDLE_EXECUTABLE_FOLDER_PATH)/CamProc";
			};
			name = Debug;
		};
		C77968852D7FA6860095A62A /* Release */ = {
			isa = XCBuildConfiguration;
			buildSettings = {
				BUNDLE_LOADER = "$(TEST_HOST)";
				CODE_SIGN_STYLE = Automatic;
				CURRENT_PROJECT_VERSION = 1;
				DEVELOPMENT_TEAM = QA52Q89Q7Z;
				GENERATE_INFOPLIST_FILE = YES;
				INFOPLIST_KEY_NSCameraUsageDescription = "\"This app requires camera access for real-time image processing.\"";
				IPHONEOS_DEPLOYMENT_TARGET = 18.2;
				MARKETING_VERSION = 1.0;
				PRODUCT_BUNDLE_IDENTIFIER = FractalFields.CamProcTests;
				PRODUCT_NAME = "$(TARGET_NAME)";
				SWIFT_EMIT_LOC_STRINGS = NO;
				SWIFT_VERSION = 5.0;
				TARGETED_DEVICE_FAMILY = "1,2";
				TEST_HOST = "$(BUILT_PRODUCTS_DIR)/CamProc.app/$(BUNDLE_EXECUTABLE_FOLDER_PATH)/CamProc";
			};
			name = Release;
		};
		C77968872D7FA6860095A62A /* Debug */ = {
			isa = XCBuildConfiguration;
			buildSettings = {
				CODE_SIGN_STYLE = Automatic;
				CURRENT_PROJECT_VERSION = 1;
				DEVELOPMENT_TEAM = QA52Q89Q7Z;
				GENERATE_INFOPLIST_FILE = YES;
				INFOPLIST_KEY_LSApplicationCategoryType = "";
				INFOPLIST_KEY_NSCameraUsageDescription = "\"This app requires camera access for real-time image processing.\"";
				MARKETING_VERSION = 1.0;
				PRODUCT_BUNDLE_IDENTIFIER = FractalFields.CamProcUITests;
				PRODUCT_NAME = "$(TARGET_NAME)";
				SWIFT_EMIT_LOC_STRINGS = NO;
				SWIFT_VERSION = 5.0;
				TARGETED_DEVICE_FAMILY = "1,2";
				TEST_TARGET_NAME = CamProc;
			};
			name = Debug;
		};
		C77968882D7FA6860095A62A /* Release */ = {
			isa = XCBuildConfiguration;
			buildSettings = {
				CODE_SIGN_STYLE = Automatic;
				CURRENT_PROJECT_VERSION = 1;
				DEVELOPMENT_TEAM = QA52Q89Q7Z;
				GENERATE_INFOPLIST_FILE = YES;
				INFOPLIST_KEY_LSApplicationCategoryType = "";
				INFOPLIST_KEY_NSCameraUsageDescription = "\"This app requires camera access for real-time image processing.\"";
				MARKETING_VERSION = 1.0;
				PRODUCT_BUNDLE_IDENTIFIER = FractalFields.CamProcUITests;
				PRODUCT_NAME = "$(TARGET_NAME)";
				SWIFT_EMIT_LOC_STRINGS = NO;
				SWIFT_VERSION = 5.0;
				TARGETED_DEVICE_FAMILY = "1,2";
				TEST_TARGET_NAME = CamProc;
			};
			name = Release;
		};
/* End XCBuildConfiguration section */

/* Begin XCConfigurationList section */
		C77968572D7FA6830095A62A /* Build configuration list for PBXProject "CamProc" */ = {
			isa = XCConfigurationList;
			buildConfigurations = (
				C779687E2D7FA6860095A62A /* Debug */,
				C779687F2D7FA6860095A62A /* Release */,
			);
			defaultConfigurationIsVisible = 0;
			defaultConfigurationName = Release;
		};
		C77968802D7FA6860095A62A /* Build configuration list for PBXNativeTarget "CamProc" */ = {
			isa = XCConfigurationList;
			buildConfigurations = (
				C77968812D7FA6860095A62A /* Debug */,
				C77968822D7FA6860095A62A /* Release */,
			);
			defaultConfigurationIsVisible = 0;
			defaultConfigurationName = Release;
		};
		C77968832D7FA6860095A62A /* Build configuration list for PBXNativeTarget "CamProcTests" */ = {
			isa = XCConfigurationList;
			buildConfigurations = (
				C77968842D7FA6860095A62A /* Debug */,
				C77968852D7FA6860095A62A /* Release */,
			);
			defaultConfigurationIsVisible = 0;
			defaultConfigurationName = Release;
		};
		C77968862D7FA6860095A62A /* Build configuration list for PBXNativeTarget "CamProcUITests" */ = {
			isa = XCConfigurationList;
			buildConfigurations = (
				C77968872D7FA6860095A62A /* Debug */,
				C77968882D7FA6860095A62A /* Release */,
			);
			defaultConfigurationIsVisible = 0;
			defaultConfigurationName = Release;
		};
/* End XCConfigurationList section */
	};
	rootObject = C77968542D7FA6830095A62A /* Project object */;
}
